// !$*UTF8*$!
{
	archiveVersion = 1;
	classes = {
	};
	objectVersion = 46;
	objects = {

/* Begin PBXBuildFile section */
		1DDD58160DA1D0A300B32029 /* MainMenu.xib in Resources */ = {isa = PBXBuildFile; fileRef = 1DDD58140DA1D0A300B32029 /* MainMenu.xib */; };
		551438101309764E00E68F77 /* UIDivider.png in Resources */ = {isa = PBXBuildFile; fileRef = 5514380F1309764E00E68F77 /* UIDivider.png */; };
		551486A712ED9F0800F4D3A9 /* AppController.m in Sources */ = {isa = PBXBuildFile; fileRef = 551486A612ED9F0800F4D3A9 /* AppController.m */; };
		551486B612ED9F9400F4D3A9 /* CustomWindow.m in Sources */ = {isa = PBXBuildFile; fileRef = 551486B312ED9F9400F4D3A9 /* CustomWindow.m */; };
		551486B712ED9F9400F4D3A9 /* CustomView.m in Sources */ = {isa = PBXBuildFile; fileRef = 551486B512ED9F9400F4D3A9 /* CustomView.m */; };
		551486C312ED9FBD00F4D3A9 /* pointer.png in Resources */ = {isa = PBXBuildFile; fileRef = 551486C112ED9FBC00F4D3A9 /* pointer.png */; };
		551486C412ED9FBD00F4D3A9 /* circleCentre.png in Resources */ = {isa = PBXBuildFile; fileRef = 551486C212ED9FBD00F4D3A9 /* circleCentre.png */; };
		551486CB12EDA01700F4D3A9 /* QuartzCore.framework in Frameworks */ = {isa = PBXBuildFile; fileRef = 551486CA12EDA01600F4D3A9 /* QuartzCore.framework */; };
		5538D1CA12FDB82900AD9A99 /* ShortcutRecorder.framework in Frameworks */ = {isa = PBXBuildFile; fileRef = 5538D1C912FDB82900AD9A99 /* ShortcutRecorder.framework */; };
		5538D1D512FDB82E00AD9A99 /* ShortcutRecorder.framework in CopyFiles */ = {isa = PBXBuildFile; fileRef = 5538D1C912FDB82900AD9A99 /* ShortcutRecorder.framework */; };
		554BC21212EE20460054B046 /* Carbon.framework in Frameworks */ = {isa = PBXBuildFile; fileRef = 554BC21112EE20460054B046 /* Carbon.framework */; };
		5589200214B61DAE008D5809 /* apphighlight.png in Resources */ = {isa = PBXBuildFile; fileRef = 5589200114B61DAE008D5809 /* apphighlight.png */; };
		559175F612F97D6800A02329 /* NSString+Crop.m in Sources */ = {isa = PBXBuildFile; fileRef = 559175F512F97D6800A02329 /* NSString+Crop.m */; };
		55A71DB012F1E08200EE4D05 /* Ring.m in Sources */ = {isa = PBXBuildFile; fileRef = 55A71DAF12F1E08200EE4D05 /* Ring.m */; };
		55AF1C13149FB31B00F85ACD /* ring_icon.png in Resources */ = {isa = PBXBuildFile; fileRef = 55AF1C12149FB31B00F85ACD /* ring_icon.png */; };
		55AF1C18149FB7B200F85ACD /* icon_closed_red.png in Resources */ = {isa = PBXBuildFile; fileRef = 55AF1C14149FB7B200F85ACD /* icon_closed_red.png */; };
		55AF1C19149FB7B200F85ACD /* icon_closed.png in Resources */ = {isa = PBXBuildFile; fileRef = 55AF1C15149FB7B200F85ACD /* icon_closed.png */; };
		55AF1C1A149FB7B200F85ACD /* icon_open_red.png in Resources */ = {isa = PBXBuildFile; fileRef = 55AF1C16149FB7B200F85ACD /* icon_open_red.png */; };
		55AF1C1B149FB7B200F85ACD /* icon_open.png in Resources */ = {isa = PBXBuildFile; fileRef = 55AF1C17149FB7B200F85ACD /* icon_open.png */; };
		55B123B112F8302D0012A986 /* SDGlobalShortcuts.framework in Frameworks */ = {isa = PBXBuildFile; fileRef = 55B123B012F8302D0012A986 /* SDGlobalShortcuts.framework */; };
		55B123B712F830380012A986 /* SDGlobalShortcuts.framework in CopyFiles */ = {isa = PBXBuildFile; fileRef = 55B123B012F8302D0012A986 /* SDGlobalShortcuts.framework */; };
		55B1514B130C7D1E007C79A8 /* NSVTextFieldCell.m in Sources */ = {isa = PBXBuildFile; fileRef = 55B15148130C7D1E007C79A8 /* NSVTextFieldCell.m */; };
		55B1514C130C7D1E007C79A8 /* NSArray+Datasource.m in Sources */ = {isa = PBXBuildFile; fileRef = 55B1514A130C7D1E007C79A8 /* NSArray+Datasource.m */; };
		55C3FA9D149AC9840044D0C3 /* nimbletheme_center.png in Resources */ = {isa = PBXBuildFile; fileRef = 55C3FA9B149AC9840044D0C3 /* nimbletheme_center.png */; };
		55C3FA9E149AC9840044D0C3 /* nimbletheme_pointer.psd in Resources */ = {isa = PBXBuildFile; fileRef = 55C3FA9C149AC9840044D0C3 /* nimbletheme_pointer.psd */; };
		55C606FA12F87B3900A48443 /* RingTheme.m in Sources */ = {isa = PBXBuildFile; fileRef = 55C606F912F87B3900A48443 /* RingTheme.m */; };
		55C96E5914D81C0000BB9904 /* nimble.icns in Resources */ = {isa = PBXBuildFile; fileRef = 55C96E5814D81C0000BB9904 /* nimble.icns */; };
		55DDA921149D4EBF003351B1 /* FileHandler.m in Sources */ = {isa = PBXBuildFile; fileRef = 55DDA920149D4EBF003351B1 /* FileHandler.m */; };
		55E19E47149BB39C006C6221 /* dark_noir_circle.png in Resources */ = {isa = PBXBuildFile; fileRef = 55E19E45149BB39C006C6221 /* dark_noir_circle.png */; };
		55E19E48149BB39C006C6221 /* dark_noir_pointer.png in Resources */ = {isa = PBXBuildFile; fileRef = 55E19E46149BB39C006C6221 /* dark_noir_pointer.png */; };
		55E19E4A149BB428006C6221 /* dark_noir_circle_blue.png in Resources */ = {isa = PBXBuildFile; fileRef = 55E19E49149BB428006C6221 /* dark_noir_circle_blue.png */; };
		55E19E4C149BB8B8006C6221 /* icon_name.png in Resources */ = {isa = PBXBuildFile; fileRef = 55E19E4B149BB8B8006C6221 /* icon_name.png */; };
		55E4283C14D81A100061B0D8 /* dark_noir_circle_blue_ds.png in Resources */ = {isa = PBXBuildFile; fileRef = 55E4283B14D81A100061B0D8 /* dark_noir_circle_blue_ds.png */; };
		55E4283E14D81A700061B0D8 /* dark_noir_pointer_ds.png in Resources */ = {isa = PBXBuildFile; fileRef = 55E4283D14D81A700061B0D8 /* dark_noir_pointer_ds.png */; };
		8D11072B0486CEB800E47090 /* InfoPlist.strings in Resources */ = {isa = PBXBuildFile; fileRef = 089C165CFE840E0CC02AAC07 /* InfoPlist.strings */; };
		8D11072D0486CEB800E47090 /* main.m in Sources */ = {isa = PBXBuildFile; fileRef = 29B97316FDCFA39411CA2CEA /* main.m */; settings = {ATTRIBUTES = (); }; };
		8D11072F0486CEB800E47090 /* Cocoa.framework in Frameworks */ = {isa = PBXBuildFile; fileRef = 1058C7A1FEA54F0111CA2CBB /* Cocoa.framework */; };
/* End PBXBuildFile section */

/* Begin PBXCopyFilesBuildPhase section */
		554B24DB12EE0ACC00CAB565 /* CopyFiles */ = {
			isa = PBXCopyFilesBuildPhase;
			buildActionMask = 2147483647;
			dstPath = "";
			dstSubfolderSpec = 10;
			files = (
				5538D1D512FDB82E00AD9A99 /* ShortcutRecorder.framework in CopyFiles */,
				55B123B712F830380012A986 /* SDGlobalShortcuts.framework in CopyFiles */,
			);
			runOnlyForDeploymentPostprocessing = 0;
		};
/* End PBXCopyFilesBuildPhase section */

/* Begin PBXFileReference section */
		089C165DFE840E0CC02AAC07 /* English */ = {isa = PBXFileReference; fileEncoding = 4; lastKnownFileType = text.plist.strings; name = English; path = English.lproj/InfoPlist.strings; sourceTree = "<group>"; };
		1058C7A1FEA54F0111CA2CBB /* Cocoa.framework */ = {isa = PBXFileReference; lastKnownFileType = wrapper.framework; name = Cocoa.framework; path = /System/Library/Frameworks/Cocoa.framework; sourceTree = "<absolute>"; };
		13E42FB307B3F0F600E4EEF1 /* CoreData.framework */ = {isa = PBXFileReference; lastKnownFileType = wrapper.framework; name = CoreData.framework; path = /System/Library/Frameworks/CoreData.framework; sourceTree = "<absolute>"; };
		1DDD58150DA1D0A300B32029 /* English */ = {isa = PBXFileReference; lastKnownFileType = file.xib; name = English; path = English.lproj/MainMenu.xib; sourceTree = "<group>"; };
		256AC3F00F4B6AF500CF3369 /* opiemac_Prefix.pch */ = {isa = PBXFileReference; fileEncoding = 4; lastKnownFileType = sourcecode.c.h; path = opiemac_Prefix.pch; sourceTree = "<group>"; };
		29B97316FDCFA39411CA2CEA /* main.m */ = {isa = PBXFileReference; fileEncoding = 4; lastKnownFileType = sourcecode.c.objc; path = main.m; sourceTree = "<group>"; };
		29B97324FDCFA39411CA2CEA /* AppKit.framework */ = {isa = PBXFileReference; lastKnownFileType = wrapper.framework; name = AppKit.framework; path = /System/Library/Frameworks/AppKit.framework; sourceTree = "<absolute>"; };
		29B97325FDCFA39411CA2CEA /* Foundation.framework */ = {isa = PBXFileReference; lastKnownFileType = wrapper.framework; name = Foundation.framework; path = /System/Library/Frameworks/Foundation.framework; sourceTree = "<absolute>"; };
		5514380F1309764E00E68F77 /* UIDivider.png */ = {isa = PBXFileReference; lastKnownFileType = image.png; path = UIDivider.png; sourceTree = "<group>"; };
		551486A512ED9F0800F4D3A9 /* AppController.h */ = {isa = PBXFileReference; fileEncoding = 4; lastKnownFileType = sourcecode.c.h; path = AppController.h; sourceTree = "<group>"; };
		551486A612ED9F0800F4D3A9 /* AppController.m */ = {isa = PBXFileReference; fileEncoding = 4; lastKnownFileType = sourcecode.c.objc; path = AppController.m; sourceTree = "<group>"; };
		551486B212ED9F9400F4D3A9 /* CustomWindow.h */ = {isa = PBXFileReference; fileEncoding = 4; lastKnownFileType = sourcecode.c.h; path = CustomWindow.h; sourceTree = "<group>"; };
		551486B312ED9F9400F4D3A9 /* CustomWindow.m */ = {isa = PBXFileReference; fileEncoding = 4; lastKnownFileType = sourcecode.c.objc; path = CustomWindow.m; sourceTree = "<group>"; };
		551486B412ED9F9400F4D3A9 /* CustomView.h */ = {isa = PBXFileReference; fileEncoding = 4; lastKnownFileType = sourcecode.c.h; path = CustomView.h; sourceTree = "<group>"; };
		551486B512ED9F9400F4D3A9 /* CustomView.m */ = {isa = PBXFileReference; fileEncoding = 4; lastKnownFileType = sourcecode.c.objc; path = CustomView.m; sourceTree = "<group>"; };
		551486C112ED9FBC00F4D3A9 /* pointer.png */ = {isa = PBXFileReference; lastKnownFileType = image.png; path = pointer.png; sourceTree = "<group>"; };
		551486C212ED9FBD00F4D3A9 /* circleCentre.png */ = {isa = PBXFileReference; lastKnownFileType = image.png; path = circleCentre.png; sourceTree = "<group>"; };
		551486C912ED9FFA00F4D3A9 /* OpieHeader.h */ = {isa = PBXFileReference; fileEncoding = 4; lastKnownFileType = sourcecode.c.h; path = OpieHeader.h; sourceTree = "<group>"; };
		551486CA12EDA01600F4D3A9 /* QuartzCore.framework */ = {isa = PBXFileReference; lastKnownFileType = wrapper.framework; name = QuartzCore.framework; path = System/Library/Frameworks/QuartzCore.framework; sourceTree = SDKROOT; };
		5538D1C912FDB82900AD9A99 /* ShortcutRecorder.framework */ = {isa = PBXFileReference; lastKnownFileType = wrapper.framework; path = ShortcutRecorder.framework; sourceTree = "<group>"; };
		554BC21112EE20460054B046 /* Carbon.framework */ = {isa = PBXFileReference; lastKnownFileType = wrapper.framework; name = Carbon.framework; path = System/Library/Frameworks/Carbon.framework; sourceTree = SDKROOT; };
		5589200114B61DAE008D5809 /* apphighlight.png */ = {isa = PBXFileReference; lastKnownFileType = image.png; path = apphighlight.png; sourceTree = "<group>"; };
		559175F412F97D6800A02329 /* NSString+Crop.h */ = {isa = PBXFileReference; fileEncoding = 4; lastKnownFileType = sourcecode.c.h; path = "NSString+Crop.h"; sourceTree = "<group>"; };
		559175F512F97D6800A02329 /* NSString+Crop.m */ = {isa = PBXFileReference; fileEncoding = 4; lastKnownFileType = sourcecode.c.objc; path = "NSString+Crop.m"; sourceTree = "<group>"; };
		55A71DAE12F1E08200EE4D05 /* Ring.h */ = {isa = PBXFileReference; fileEncoding = 4; lastKnownFileType = sourcecode.c.h; path = Ring.h; sourceTree = "<group>"; };
		55A71DAF12F1E08200EE4D05 /* Ring.m */ = {isa = PBXFileReference; fileEncoding = 4; lastKnownFileType = sourcecode.c.objc; path = Ring.m; sourceTree = "<group>"; };
		55AF1C12149FB31B00F85ACD /* ring_icon.png */ = {isa = PBXFileReference; lastKnownFileType = image.png; path = ring_icon.png; sourceTree = "<group>"; };
		55AF1C14149FB7B200F85ACD /* icon_closed_red.png */ = {isa = PBXFileReference; lastKnownFileType = image.png; path = icon_closed_red.png; sourceTree = "<group>"; };
		55AF1C15149FB7B200F85ACD /* icon_closed.png */ = {isa = PBXFileReference; lastKnownFileType = image.png; path = icon_closed.png; sourceTree = "<group>"; };
		55AF1C16149FB7B200F85ACD /* icon_open_red.png */ = {isa = PBXFileReference; lastKnownFileType = image.png; path = icon_open_red.png; sourceTree = "<group>"; };
		55AF1C17149FB7B200F85ACD /* icon_open.png */ = {isa = PBXFileReference; lastKnownFileType = image.png; path = icon_open.png; sourceTree = "<group>"; };
		55B123B012F8302D0012A986 /* SDGlobalShortcuts.framework */ = {isa = PBXFileReference; lastKnownFileType = wrapper.framework; path = SDGlobalShortcuts.framework; sourceTree = "<group>"; };
		55B15147130C7D1E007C79A8 /* NSVTextFieldCell.h */ = {isa = PBXFileReference; fileEncoding = 4; lastKnownFileType = sourcecode.c.h; path = NSVTextFieldCell.h; sourceTree = "<group>"; };
		55B15148130C7D1E007C79A8 /* NSVTextFieldCell.m */ = {isa = PBXFileReference; fileEncoding = 4; lastKnownFileType = sourcecode.c.objc; path = NSVTextFieldCell.m; sourceTree = "<group>"; };
		55B15149130C7D1E007C79A8 /* NSArray+Datasource.h */ = {isa = PBXFileReference; fileEncoding = 4; lastKnownFileType = sourcecode.c.h; path = "NSArray+Datasource.h"; sourceTree = "<group>"; };
		55B1514A130C7D1E007C79A8 /* NSArray+Datasource.m */ = {isa = PBXFileReference; fileEncoding = 4; lastKnownFileType = sourcecode.c.objc; path = "NSArray+Datasource.m"; sourceTree = "<group>"; };
		55C3FA9B149AC9840044D0C3 /* nimbletheme_center.png */ = {isa = PBXFileReference; lastKnownFileType = image.png; path = nimbletheme_center.png; sourceTree = "<group>"; };
		55C3FA9C149AC9840044D0C3 /* nimbletheme_pointer.psd */ = {isa = PBXFileReference; lastKnownFileType = file; path = nimbletheme_pointer.psd; sourceTree = "<group>"; };
		55C606F812F87B3900A48443 /* RingTheme.h */ = {isa = PBXFileReference; fileEncoding = 4; lastKnownFileType = sourcecode.c.h; path = RingTheme.h; sourceTree = "<group>"; };
		55C606F912F87B3900A48443 /* RingTheme.m */ = {isa = PBXFileReference; fileEncoding = 4; lastKnownFileType = sourcecode.c.objc; path = RingTheme.m; sourceTree = "<group>"; };
		55C96E5814D81C0000BB9904 /* nimble.icns */ = {isa = PBXFileReference; lastKnownFileType = image.icns; path = nimble.icns; sourceTree = "<group>"; };
		55DDA91F149D4EBF003351B1 /* FileHandler.h */ = {isa = PBXFileReference; fileEncoding = 4; lastKnownFileType = sourcecode.c.h; path = FileHandler.h; sourceTree = "<group>"; };
		55DDA920149D4EBF003351B1 /* FileHandler.m */ = {isa = PBXFileReference; fileEncoding = 4; lastKnownFileType = sourcecode.c.objc; path = FileHandler.m; sourceTree = "<group>"; };
		55E19E45149BB39C006C6221 /* dark_noir_circle.png */ = {isa = PBXFileReference; lastKnownFileType = image.png; path = dark_noir_circle.png; sourceTree = "<group>"; };
		55E19E46149BB39C006C6221 /* dark_noir_pointer.png */ = {isa = PBXFileReference; lastKnownFileType = image.png; path = dark_noir_pointer.png; sourceTree = "<group>"; };
		55E19E49149BB428006C6221 /* dark_noir_circle_blue.png */ = {isa = PBXFileReference; lastKnownFileType = image.png; path = dark_noir_circle_blue.png; sourceTree = "<group>"; };
		55E19E4B149BB8B8006C6221 /* icon_name.png */ = {isa = PBXFileReference; lastKnownFileType = image.png; path = icon_name.png; sourceTree = "<group>"; };
		55E4283B14D81A100061B0D8 /* dark_noir_circle_blue_ds.png */ = {isa = PBXFileReference; lastKnownFileType = image.png; path = dark_noir_circle_blue_ds.png; sourceTree = "<group>"; };
		55E4283D14D81A700061B0D8 /* dark_noir_pointer_ds.png */ = {isa = PBXFileReference; lastKnownFileType = image.png; path = dark_noir_pointer_ds.png; sourceTree = "<group>"; };
		8D1107310486CEB800E47090 /* opiemac-Info.plist */ = {isa = PBXFileReference; fileEncoding = 4; lastKnownFileType = text.plist.xml; path = "opiemac-Info.plist"; sourceTree = "<group>"; };
		8D1107320486CEB800E47090 /* opiemac.app */ = {isa = PBXFileReference; explicitFileType = wrapper.application; includeInIndex = 0; path = opiemac.app; sourceTree = BUILT_PRODUCTS_DIR; };
/* End PBXFileReference section */

/* Begin PBXFrameworksBuildPhase section */
		8D11072E0486CEB800E47090 /* Frameworks */ = {
			isa = PBXFrameworksBuildPhase;
			buildActionMask = 2147483647;
			files = (
				8D11072F0486CEB800E47090 /* Cocoa.framework in Frameworks */,
				551486CB12EDA01700F4D3A9 /* QuartzCore.framework in Frameworks */,
				554BC21212EE20460054B046 /* Carbon.framework in Frameworks */,
				55B123B112F8302D0012A986 /* SDGlobalShortcuts.framework in Frameworks */,
				5538D1CA12FDB82900AD9A99 /* ShortcutRecorder.framework in Frameworks */,
			);
			runOnlyForDeploymentPostprocessing = 0;
		};
/* End PBXFrameworksBuildPhase section */

/* Begin PBXGroup section */
		080E96DDFE201D6D7F000001 /* Classes */ = {
			isa = PBXGroup;
			children = (
				551486A512ED9F0800F4D3A9 /* AppController.h */,
				551486A612ED9F0800F4D3A9 /* AppController.m */,
				551486B212ED9F9400F4D3A9 /* CustomWindow.h */,
				551486B312ED9F9400F4D3A9 /* CustomWindow.m */,
				551486B412ED9F9400F4D3A9 /* CustomView.h */,
				551486B512ED9F9400F4D3A9 /* CustomView.m */,
				55A71DAE12F1E08200EE4D05 /* Ring.h */,
				55A71DAF12F1E08200EE4D05 /* Ring.m */,
				55C606F812F87B3900A48443 /* RingTheme.h */,
				55C606F912F87B3900A48443 /* RingTheme.m */,
				559175F412F97D6800A02329 /* NSString+Crop.h */,
				559175F512F97D6800A02329 /* NSString+Crop.m */,
				55B15147130C7D1E007C79A8 /* NSVTextFieldCell.h */,
				55B15148130C7D1E007C79A8 /* NSVTextFieldCell.m */,
				55B15149130C7D1E007C79A8 /* NSArray+Datasource.h */,
				55B1514A130C7D1E007C79A8 /* NSArray+Datasource.m */,
				55DDA91F149D4EBF003351B1 /* FileHandler.h */,
				55DDA920149D4EBF003351B1 /* FileHandler.m */,
			);
			name = Classes;
			sourceTree = "<group>";
		};
		1058C7A0FEA54F0111CA2CBB /* Linked Frameworks */ = {
			isa = PBXGroup;
			children = (
				5538D1C912FDB82900AD9A99 /* ShortcutRecorder.framework */,
				55B123B012F8302D0012A986 /* SDGlobalShortcuts.framework */,
				1058C7A1FEA54F0111CA2CBB /* Cocoa.framework */,
				551486CA12EDA01600F4D3A9 /* QuartzCore.framework */,
				554BC21112EE20460054B046 /* Carbon.framework */,
			);
			name = "Linked Frameworks";
			sourceTree = "<group>";
		};
		1058C7A2FEA54F0111CA2CBB /* Other Frameworks */ = {
			isa = PBXGroup;
			children = (
				29B97324FDCFA39411CA2CEA /* AppKit.framework */,
				13E42FB307B3F0F600E4EEF1 /* CoreData.framework */,
				29B97325FDCFA39411CA2CEA /* Foundation.framework */,
			);
			name = "Other Frameworks";
			sourceTree = "<group>";
		};
		19C28FACFE9D520D11CA2CBB /* Products */ = {
			isa = PBXGroup;
			children = (
				8D1107320486CEB800E47090 /* opiemac.app */,
			);
			name = Products;
			sourceTree = "<group>";
		};
		29B97314FDCFA39411CA2CEA /* opiemac */ = {
			isa = PBXGroup;
			children = (
				551486C912ED9FFA00F4D3A9 /* OpieHeader.h */,
				080E96DDFE201D6D7F000001 /* Classes */,
				29B97315FDCFA39411CA2CEA /* Other Sources */,
				29B97317FDCFA39411CA2CEA /* Resources */,
				29B97323FDCFA39411CA2CEA /* Frameworks */,
				19C28FACFE9D520D11CA2CBB /* Products */,
			);
			name = opiemac;
			sourceTree = "<group>";
		};
		29B97315FDCFA39411CA2CEA /* Other Sources */ = {
			isa = PBXGroup;
			children = (
				256AC3F00F4B6AF500CF3369 /* opiemac_Prefix.pch */,
				29B97316FDCFA39411CA2CEA /* main.m */,
			);
			name = "Other Sources";
			sourceTree = "<group>";
		};
		29B97317FDCFA39411CA2CEA /* Resources */ = {
			isa = PBXGroup;
			children = (
				55C96E5814D81C0000BB9904 /* nimble.icns */,
				5589200114B61DAE008D5809 /* apphighlight.png */,
				55AF1C14149FB7B200F85ACD /* icon_closed_red.png */,
				55AF1C15149FB7B200F85ACD /* icon_closed.png */,
				55AF1C16149FB7B200F85ACD /* icon_open_red.png */,
				55AF1C17149FB7B200F85ACD /* icon_open.png */,
				55AF1C12149FB31B00F85ACD /* ring_icon.png */,
				55E19E4B149BB8B8006C6221 /* icon_name.png */,
				55E19E49149BB428006C6221 /* dark_noir_circle_blue.png */,
				55E4283B14D81A100061B0D8 /* dark_noir_circle_blue_ds.png */,
				55E19E45149BB39C006C6221 /* dark_noir_circle.png */,
				55E19E46149BB39C006C6221 /* dark_noir_pointer.png */,
				55E4283D14D81A700061B0D8 /* dark_noir_pointer_ds.png */,
				55C3FA9B149AC9840044D0C3 /* nimbletheme_center.png */,
				55C3FA9C149AC9840044D0C3 /* nimbletheme_pointer.psd */,
				5514380F1309764E00E68F77 /* UIDivider.png */,
				551486C112ED9FBC00F4D3A9 /* pointer.png */,
				551486C212ED9FBD00F4D3A9 /* circleCentre.png */,
				8D1107310486CEB800E47090 /* opiemac-Info.plist */,
				089C165CFE840E0CC02AAC07 /* InfoPlist.strings */,
				1DDD58140DA1D0A300B32029 /* MainMenu.xib */,
			);
			name = Resources;
			sourceTree = "<group>";
		};
		29B97323FDCFA39411CA2CEA /* Frameworks */ = {
			isa = PBXGroup;
			children = (
				1058C7A0FEA54F0111CA2CBB /* Linked Frameworks */,
				1058C7A2FEA54F0111CA2CBB /* Other Frameworks */,
			);
			name = Frameworks;
			sourceTree = "<group>";
		};
/* End PBXGroup section */

/* Begin PBXNativeTarget section */
		8D1107260486CEB800E47090 /* opiemac */ = {
			isa = PBXNativeTarget;
			buildConfigurationList = C01FCF4A08A954540054247B /* Build configuration list for PBXNativeTarget "opiemac" */;
			buildPhases = (
				8D1107290486CEB800E47090 /* Resources */,
				8D11072C0486CEB800E47090 /* Sources */,
				8D11072E0486CEB800E47090 /* Frameworks */,
				554B24DB12EE0ACC00CAB565 /* CopyFiles */,
			);
			buildRules = (
			);
			dependencies = (
			);
			name = opiemac;
			productInstallPath = "$(HOME)/Applications";
			productName = opiemac;
			productReference = 8D1107320486CEB800E47090 /* opiemac.app */;
			productType = "com.apple.product-type.application";
		};
/* End PBXNativeTarget section */

/* Begin PBXProject section */
		29B97313FDCFA39411CA2CEA /* Project object */ = {
			isa = PBXProject;
			attributes = {
				LastUpgradeCheck = 0450;
			};
			buildConfigurationList = C01FCF4E08A954540054247B /* Build configuration list for PBXProject "opiemac" */;
			compatibilityVersion = "Xcode 3.2";
			developmentRegion = English;
			hasScannedForEncodings = 1;
			knownRegions = (
				English,
				Japanese,
				French,
				German,
			);
			mainGroup = 29B97314FDCFA39411CA2CEA /* opiemac */;
			projectDirPath = "";
			projectRoot = "";
			targets = (
				8D1107260486CEB800E47090 /* opiemac */,
			);
		};
/* End PBXProject section */

/* Begin PBXResourcesBuildPhase section */
		8D1107290486CEB800E47090 /* Resources */ = {
			isa = PBXResourcesBuildPhase;
			buildActionMask = 2147483647;
			files = (
				8D11072B0486CEB800E47090 /* InfoPlist.strings in Resources */,
				1DDD58160DA1D0A300B32029 /* MainMenu.xib in Resources */,
				551486C312ED9FBD00F4D3A9 /* pointer.png in Resources */,
				551486C412ED9FBD00F4D3A9 /* circleCentre.png in Resources */,
				551438101309764E00E68F77 /* UIDivider.png in Resources */,
				55C3FA9D149AC9840044D0C3 /* nimbletheme_center.png in Resources */,
				55C3FA9E149AC9840044D0C3 /* nimbletheme_pointer.psd in Resources */,
				55E19E47149BB39C006C6221 /* dark_noir_circle.png in Resources */,
				55E19E48149BB39C006C6221 /* dark_noir_pointer.png in Resources */,
				55E19E4A149BB428006C6221 /* dark_noir_circle_blue.png in Resources */,
				55E19E4C149BB8B8006C6221 /* icon_name.png in Resources */,
				55AF1C13149FB31B00F85ACD /* ring_icon.png in Resources */,
				55AF1C18149FB7B200F85ACD /* icon_closed_red.png in Resources */,
				55AF1C19149FB7B200F85ACD /* icon_closed.png in Resources */,
				55AF1C1A149FB7B200F85ACD /* icon_open_red.png in Resources */,
				55AF1C1B149FB7B200F85ACD /* icon_open.png in Resources */,
				5589200214B61DAE008D5809 /* apphighlight.png in Resources */,
				55E4283C14D81A100061B0D8 /* dark_noir_circle_blue_ds.png in Resources */,
				55E4283E14D81A700061B0D8 /* dark_noir_pointer_ds.png in Resources */,
				55C96E5914D81C0000BB9904 /* nimble.icns in Resources */,
			);
			runOnlyForDeploymentPostprocessing = 0;
		};
/* End PBXResourcesBuildPhase section */

/* Begin PBXSourcesBuildPhase section */
		8D11072C0486CEB800E47090 /* Sources */ = {
			isa = PBXSourcesBuildPhase;
			buildActionMask = 2147483647;
			files = (
				8D11072D0486CEB800E47090 /* main.m in Sources */,
				551486A712ED9F0800F4D3A9 /* AppController.m in Sources */,
				551486B612ED9F9400F4D3A9 /* CustomWindow.m in Sources */,
				551486B712ED9F9400F4D3A9 /* CustomView.m in Sources */,
				55A71DB012F1E08200EE4D05 /* Ring.m in Sources */,
				55C606FA12F87B3900A48443 /* RingTheme.m in Sources */,
				559175F612F97D6800A02329 /* NSString+Crop.m in Sources */,
				55B1514B130C7D1E007C79A8 /* NSVTextFieldCell.m in Sources */,
				55B1514C130C7D1E007C79A8 /* NSArray+Datasource.m in Sources */,
				55DDA921149D4EBF003351B1 /* FileHandler.m in Sources */,
			);
			runOnlyForDeploymentPostprocessing = 0;
		};
/* End PBXSourcesBuildPhase section */

/* Begin PBXVariantGroup section */
		089C165CFE840E0CC02AAC07 /* InfoPlist.strings */ = {
			isa = PBXVariantGroup;
			children = (
				089C165DFE840E0CC02AAC07 /* English */,
			);
			name = InfoPlist.strings;
			sourceTree = "<group>";
		};
		1DDD58140DA1D0A300B32029 /* MainMenu.xib */ = {
			isa = PBXVariantGroup;
			children = (
				1DDD58150DA1D0A300B32029 /* English */,
			);
			name = MainMenu.xib;
			sourceTree = "<group>";
		};
/* End PBXVariantGroup section */

/* Begin XCBuildConfiguration section */
		C01FCF4B08A954540054247B /* Debug */ = {
			isa = XCBuildConfiguration;
			buildSettings = {
				ALWAYS_SEARCH_USER_PATHS = NO;
				COMBINE_HIDPI_IMAGES = YES;
				COPY_PHASE_STRIP = NO;
				FRAMEWORK_SEARCH_PATHS = (
					"$(inherited)",
					"\"$(SRCROOT)/../BWToolkit\"",
					"\"$(SRCROOT)\"",
				);
				GCC_DYNAMIC_NO_PIC = NO;
				GCC_MODEL_TUNING = G5;
				GCC_OPTIMIZATION_LEVEL = 0;
				GCC_PRECOMPILE_PREFIX_HEADER = YES;
				GCC_PREFIX_HEADER = opiemac_Prefix.pch;
				INFOPLIST_FILE = "opiemac-Info.plist";
				INSTALL_PATH = "$(HOME)/Applications";
				PRODUCT_NAME = opiemac;
			};
			name = Debug;
		};
		C01FCF4C08A954540054247B /* Release */ = {
			isa = XCBuildConfiguration;
			buildSettings = {
				ALWAYS_SEARCH_USER_PATHS = NO;
				COMBINE_HIDPI_IMAGES = YES;
				DEBUG_INFORMATION_FORMAT = "dwarf-with-dsym";
				FRAMEWORK_SEARCH_PATHS = (
					"$(inherited)",
					"\"$(SRCROOT)/../BWToolkit\"",
					"\"$(SRCROOT)\"",
				);
				GCC_MODEL_TUNING = G5;
				GCC_PRECOMPILE_PREFIX_HEADER = YES;
				GCC_PREFIX_HEADER = opiemac_Prefix.pch;
				INFOPLIST_FILE = "opiemac-Info.plist";
				INSTALL_PATH = "$(HOME)/Applications";
				PRODUCT_NAME = opiemac;
			};
			name = Release;
		};
		C01FCF4F08A954540054247B /* Debug */ = {
			isa = XCBuildConfiguration;
			buildSettings = {
				ARCHS = "$(ARCHS_STANDARD_32_64_BIT)";
				GCC_C_LANGUAGE_STANDARD = gnu99;
				GCC_OPTIMIZATION_LEVEL = 0;
				GCC_WARN_ABOUT_RETURN_TYPE = YES;
				GCC_WARN_UNUSED_VARIABLE = YES;
				ONLY_ACTIVE_ARCH = YES;
				SDKROOT = macosx10.7;
			};
			name = Debug;
		};
		C01FCF5008A954540054247B /* Release */ = {
			isa = XCBuildConfiguration;
			buildSettings = {
				ARCHS = "$(ARCHS_STANDARD_32_64_BIT)";
				GCC_C_LANGUAGE_STANDARD = gnu99;
				GCC_WARN_ABOUT_RETURN_TYPE = YES;
				GCC_WARN_UNUSED_VARIABLE = YES;
				ONLY_ACTIVE_ARCH = YES;
				SDKROOT = macosx10.7;
			};
			name = Release;
		};
/* End XCBuildConfiguration section */

/* Begin XCConfigurationList section */
		C01FCF4A08A954540054247B /* Build configuration list for PBXNativeTarget "opiemac" */ = {
			isa = XCConfigurationList;
			buildConfigurations = (
				C01FCF4B08A954540054247B /* Debug */,
				C01FCF4C08A954540054247B /* Release */,
			);
			defaultConfigurationIsVisible = 0;
			defaultConfigurationName = Release;
		};
		C01FCF4E08A954540054247B /* Build configuration list for PBXProject "opiemac" */ = {
			isa = XCConfigurationList;
			buildConfigurations = (
				C01FCF4F08A954540054247B /* Debug */,
				C01FCF5008A954540054247B /* Release */,
			);
			defaultConfigurationIsVisible = 0;
			defaultConfigurationName = Release;
		};
/* End XCConfigurationList section */
	};
	rootObject = 29B97313FDCFA39411CA2CEA /* Project object */;
}
